
Microsoft Visual Studio Solution File, Format Version 12.00
# Visual Studio 2012
Project("{FAE04EC0-301F-11D3-BF4B-00C04F79EFBC}") = "WindowsFormsApplication1", "WindowsFormsApplication1\WindowsFormsApplication1.csproj", "{F1CDF010-3ACC-4922-8763-22A8B71439D4}"
EndProject
Project("{6141683F-8A12-4E36-9623-2EB02B2C2303}") = "Setup3", "Setup3\Setup3.isproj", "{3BE9B4CB-61C4-4210-9B61-145360AAF908}"
EndProject
Project("{6141683F-8A12-4E36-9623-2EB02B2C2303}") = "Setup4", "Setup4\Setup4.isproj", "{781E86C9-10B1-485C-B1A1-8B2319B7272C}"
EndProject
Project("{6141683F-8A12-4E36-9623-2EB02B2C2303}") = "Setup5", "Setup5\Setup5.isproj", "{6C7F973F-B61D-4675-BEB4-78D6264F413A}"
EndProject
Project("{6141683F-8A12-4E36-9623-2EB02B2C2303}") = "Setup6", "Setup6\Setup6.isproj", "{70F4EB5C-4CC9-4213-82B0-3AEE223B4416}"
EndProject
Global
	GlobalSection(SolutionConfigurationPlatforms) = preSolution
		CD_ROM|Any CPU = CD_ROM|Any CPU
		Debug|Any CPU = Debug|Any CPU
		DVD-5|Any CPU = DVD-5|Any CPU
		Release|Any CPU = Release|Any CPU
		SingleImage|Any CPU = SingleImage|Any CPU
	EndGlobalSection
	GlobalSection(ProjectConfigurationPlatforms) = postSolution
		{F1CDF010-3ACC-4922-8763-22A8B71439D4}.CD_ROM|Any CPU.ActiveCfg = Release|Any CPU
		{F1CDF010-3ACC-4922-8763-22A8B71439D4}.CD_ROM|Any CPU.Build.0 = Release|Any CPU
		{F1CDF010-3ACC-4922-8763-22A8B71439D4}.Debug|Any CPU.ActiveCfg = Debug|Any CPU
		{F1CDF010-3ACC-4922-8763-22A8B71439D4}.Debug|Any CPU.Build.0 = Debug|Any CPU
		{F1CDF010-3ACC-4922-8763-22A8B71439D4}.DVD-5|Any CPU.ActiveCfg = Debug|Any CPU
		{F1CDF010-3ACC-4922-8763-22A8B71439D4}.DVD-5|Any CPU.Build.0 = Debug|Any CPU
		{F1CDF010-3ACC-4922-8763-22A8B71439D4}.Release|Any CPU.ActiveCfg = Release|Any CPU
		{F1CDF010-3ACC-4922-8763-22A8B71439D4}.Release|Any CPU.Build.0 = Release|Any CPU
		{F1CDF010-3ACC-4922-8763-22A8B71439D4}.SingleImage|Any CPU.ActiveCfg = Release|Any CPU
		{F1CDF010-3ACC-4922-8763-22A8B71439D4}.SingleImage|Any CPU.Build.0 = Release|Any CPU
		{3BE9B4CB-61C4-4210-9B61-145360AAF908}.CD_ROM|Any CPU.ActiveCfg = CD_ROM
		{3BE9B4CB-61C4-4210-9B61-145360AAF908}.CD_ROM|Any CPU.Build.0 = CD_ROM
		{3BE9B4CB-61C4-4210-9B61-145360AAF908}.Debug|Any CPU.ActiveCfg = DVD-5
		{3BE9B4CB-61C4-4210-9B61-145360AAF908}.Debug|Any CPU.Build.0 = DVD-5
		{3BE9B4CB-61C4-4210-9B61-145360AAF908}.DVD-5|Any CPU.ActiveCfg = DVD-5
		{3BE9B4CB-61C4-4210-9B61-145360AAF908}.DVD-5|Any CPU.Build.0 = DVD-5
		{3BE9B4CB-61C4-4210-9B61-145360AAF908}.Release|Any CPU.ActiveCfg = SingleImage
		{3BE9B4CB-61C4-4210-9B61-145360AAF908}.Release|Any CPU.Build.0 = SingleImage
		{3BE9B4CB-61C4-4210-9B61-145360AAF908}.SingleImage|Any CPU.ActiveCfg = SingleImage
		{3BE9B4CB-61C4-4210-9B61-145360AAF908}.SingleImage|Any CPU.Build.0 = SingleImage
		{781E86C9-10B1-485C-B1A1-8B2319B7272C}.CD_ROM|Any CPU.ActiveCfg = CD_ROM
		{781E86C9-10B1-485C-B1A1-8B2319B7272C}.CD_ROM|Any CPU.Build.0 = CD_ROM
		{781E86C9-10B1-485C-B1A1-8B2319B7272C}.Debug|Any CPU.ActiveCfg = DVD-5
		{781E86C9-10B1-485C-B1A1-8B2319B7272C}.Debug|Any CPU.Build.0 = DVD-5
		{781E86C9-10B1-485C-B1A1-8B2319B7272C}.DVD-5|Any CPU.ActiveCfg = DVD-5
		{781E86C9-10B1-485C-B1A1-8B2319B7272C}.DVD-5|Any CPU.Build.0 = DVD-5
		{781E86C9-10B1-485C-B1A1-8B2319B7272C}.Release|Any CPU.ActiveCfg = SingleImage
		{781E86C9-10B1-485C-B1A1-8B2319B7272C}.Release|Any CPU.Build.0 = SingleImage
		{781E86C9-10B1-485C-B1A1-8B2319B7272C}.SingleImage|Any CPU.ActiveCfg = SingleImage
		{781E86C9-10B1-485C-B1A1-8B2319B7272C}.SingleImage|Any CPU.Build.0 = SingleImage
		{6C7F973F-B61D-4675-BEB4-78D6264F413A}.CD_ROM|Any CPU.ActiveCfg = CD_ROM
		{6C7F973F-B61D-4675-BEB4-78D6264F413A}.CD_ROM|Any CPU.Build.0 = CD_ROM
		{6C7F973F-B61D-4675-BEB4-78D6264F413A}.Debug|Any CPU.ActiveCfg = DVD-5
		{6C7F973F-B61D-4675-BEB4-78D6264F413A}.Debug|Any CPU.Build.0 = DVD-5
		{6C7F973F-B61D-4675-BEB4-78D6264F413A}.DVD-5|Any CPU.ActiveCfg = DVD-5
		{6C7F973F-B61D-4675-BEB4-78D6264F413A}.DVD-5|Any CPU.Build.0 = DVD-5
		{6C7F973F-B61D-4675-BEB4-78D6264F413A}.Release|Any CPU.ActiveCfg = SingleImage
		{6C7F973F-B61D-4675-BEB4-78D6264F413A}.Release|Any CPU.Build.0 = SingleImage
		{6C7F973F-B61D-4675-BEB4-78D6264F413A}.SingleImage|Any CPU.ActiveCfg = SingleImage
		{6C7F973F-B61D-4675-BEB4-78D6264F413A}.SingleImage|Any CPU.Build.0 = SingleImage
		{70F4EB5C-4CC9-4213-82B0-3AEE223B4416}.CD_ROM|Any CPU.ActiveCfg = CD_ROM
		{70F4EB5C-4CC9-4213-82B0-3AEE223B4416}.CD_ROM|Any CPU.Build.0 = CD_ROM
		{70F4EB5C-4CC9-4213-82B0-3AEE223B4416}.Debug|Any CPU.ActiveCfg = DVD-5
		{70F4EB5C-4CC9-4213-82B0-3AEE223B4416}.Debug|Any CPU.Build.0 = DVD-5
		{70F4EB5C-4CC9-4213-82B0-3AEE223B4416}.DVD-5|Any CPU.ActiveCfg = DVD-5
		{70F4EB5C-4CC9-4213-82B0-3AEE223B4416}.DVD-5|Any CPU.Build.0 = DVD-5
		{70F4EB5C-4CC9-4213-82B0-3AEE223B4416}.Release|Any CPU.ActiveCfg = SingleImage
		{70F4EB5C-4CC9-4213-82B0-3AEE223B4416}.Release|Any CPU.Build.0 = SingleImage
		{70F4EB5C-4CC9-4213-82B0-3AEE223B4416}.SingleImage|Any CPU.ActiveCfg = SingleImage
		{70F4EB5C-4CC9-4213-82B0-3AEE223B4416}.SingleImage|Any CPU.Build.0 = SingleImage
	EndGlobalSection
	GlobalSection(SolutionProperties) = preSolution
		HideSolutionNode = FALSE
	EndGlobalSection
EndGlobal
